#MicroXplorer Configuration settings - do not modify
Mcu.Family=STM32F4
SH.GPXTI1.0=GPIO_EXTI1
ProjectManager.MainLocation=Core/Src
ProjectManager.ProjectFileName=InterruptTimer.ioc
RCC.CortexFreq_Value=16000000
ProjectManager.KeepUserCode=true
Mcu.UserName=STM32F407VGTx
Mcu.PinsNb=7
ProjectManager.NoMain=false
RCC.PLLCLKFreq_Value=96000000
RCC.PLLQCLKFreq_Value=48000000
ProjectManager.functionlistsort=1-SystemClock_Config-RCC-false-HAL-false
RCC.RTCFreq_Value=32000
SH.GPXTI0.ConfNb=1
ProjectManager.DefaultFWLocation=true
ProjectManager.DeletePrevious=true
PC1.Locked=true
PinOutPanel.RotationAngle=0
RCC.FamilyName=M
ProjectManager.StackSize=0x400
PA0-WKUP.Signal=GPXTI0
PA0-WKUP.Locked=true
SH.GPXTI2.0=GPIO_EXTI2
PD13.Signal=GPIO_Output
Mcu.IP2=SYS
NVIC.SVCall_IRQn=true\:0\:0\:false\:false\:true\:false\:false
PD13.Locked=true
Mcu.IP0=NVIC
NVIC.EXTI1_IRQn=true\:2\:0\:true\:false\:true\:true\:true
Mcu.IP1=RCC
SH.GPXTI2.ConfNb=1
Mcu.UserConstants=
ProjectManager.TargetToolchain=STM32CubeIDE
Mcu.ThirdPartyNb=0
Mcu.IPNb=3
RCC.I2SClocksFreq_Value=96000000
ProjectManager.PreviousToolchain=
RCC.VcooutputI2S=96000000
Mcu.Pin6=VP_SYS_VS_Systick
ProjectManager.RegisterCallBack=
RCC.LSE_VALUE=32768
RCC.AHBFreq_Value=16000000
Mcu.Pin0=PC1
Mcu.Pin1=PA0-WKUP
Mcu.Pin2=PB2
Mcu.Pin3=PD13
Mcu.Pin4=PD14
RCC.VCOI2SOutputFreq_Value=192000000
Mcu.Pin5=PD15
ProjectManager.ProjectBuild=false
RCC.HSE_VALUE=25000000
NVIC.UsageFault_IRQn=true\:0\:0\:false\:false\:true\:false\:false
NVIC.DebugMonitor_IRQn=true\:0\:0\:false\:false\:true\:false\:false
PB2.Signal=GPXTI2
board=custom
RCC.VCOOutputFreq_Value=192000000
NVIC.SysTick_IRQn=true\:0\:0\:false\:false\:true\:false\:true
ProjectManager.LastFirmware=true
ProjectManager.FirmwarePackage=STM32Cube FW_F4 V1.26.1
MxDb.Version=DB.6.0.21
RCC.APB2Freq_Value=16000000
ProjectManager.BackupPrevious=false
MxCube.Version=6.2.1
RCC.VCOInputFreq_Value=1000000
File.Version=6
VP_SYS_VS_Systick.Mode=SysTick
NVIC.NonMaskableInt_IRQn=true\:0\:0\:false\:false\:true\:false\:false
NVIC.PendSV_IRQn=true\:0\:0\:false\:false\:true\:false\:false
ProjectManager.FreePins=false
RCC.IPParameters=AHBFreq_Value,APB1Freq_Value,APB2Freq_Value,CortexFreq_Value,FamilyName,HSE_VALUE,HSI_VALUE,I2SClocksFreq_Value,LSE_VALUE,LSI_VALUE,PLLCLKFreq_Value,PLLQCLKFreq_Value,RTCFreq_Value,RTCHSEDivFreq_Value,SYSCLKFreq_VALUE,VCOI2SOutputFreq_Value,VCOInputFreq_Value,VCOOutputFreq_Value,VcooutputI2S
ProjectManager.AskForMigrate=true
Mcu.Name=STM32F407V(E-G)Tx
ProjectManager.HalAssertFull=false
RCC.RTCHSEDivFreq_Value=12500000
ProjectManager.ProjectName=InterruptTimer
ProjectManager.UnderRoot=true
PB2.Locked=true
PD14.Signal=GPIO_Output
ProjectManager.CoupleFile=false
NVIC.EXTI0_IRQn=true\:2\:0\:true\:false\:true\:true\:true
RCC.SYSCLKFreq_VALUE=16000000
Mcu.Package=LQFP100
NVIC.ForceEnableDMAVector=true
KeepUserPlacement=false
NVIC.MemoryManagement_IRQn=true\:0\:0\:false\:false\:true\:false\:false
ProjectManager.CompilerOptimize=6
ProjectManager.ToolChainLocation=
PD14.Locked=true
PD15.Locked=true
RCC.LSI_VALUE=32000
VP_SYS_VS_Systick.Signal=SYS_VS_Systick
SH.GPXTI0.0=GPIO_EXTI0
ProjectManager.HeapSize=0x200
NVIC.HardFault_IRQn=true\:0\:0\:false\:false\:true\:false\:false
ProjectManager.ComputerToolchain=false
RCC.HSI_VALUE=16000000
NVIC.PriorityGroup=NVIC_PRIORITYGROUP_4
NVIC.EXTI2_IRQn=true\:2\:0\:true\:false\:true\:true\:true
NVIC.BusFault_IRQn=true\:0\:0\:false\:false\:true\:false\:false
SH.GPXTI1.ConfNb=1
RCC.APB1Freq_Value=16000000
PD15.Signal=GPIO_Output
ProjectManager.CustomerFirmwarePackage=
ProjectManager.DeviceId=STM32F407VGTx
PC1.Signal=GPXTI1
ProjectManager.LibraryCopy=1
isbadioc=false
